
Microsoft Visual Studio Solution File, Format Version 12.00
# Visual Studio Version 17
VisualStudioVersion = 17.12.35728.132
MinimumVisualStudioVersion = 10.0.40219.1
Project("{FAE04EC0-301F-11D3-BF4B-00C04F79EFBC}") = "api-azure-ai-search", "api-azure-ai-search\api-azure-ai-search.csproj", "{AF2DEE84-3033-47C3-B9D3-7D26FD739FEB}"
EndProject
Project("{2150E333-8FDC-42A3-9474-1A3956D46DE8}") = "Solution Items", "Solution Items", "{BFFFD4AF-052D-4489-AA14-BD4A14679D61}"
	ProjectSection(SolutionItems) = preProject
		.gitignore = .gitignore
	EndProjectSection
EndProject
Global
	GlobalSection(SolutionConfigurationPlatforms) = preSolution
		Debug|Any CPU = Debug|Any CPU
		Release|Any CPU = Release|Any CPU
	EndGlobalSection
	GlobalSection(ProjectConfigurationPlatforms) = postSolution
		{AF2DEE84-3033-47C3-B9D3-7D26FD739FEB}.Debug|Any CPU.ActiveCfg = Debug|Any CPU
		{AF2DEE84-3033-47C3-B9D3-7D26FD739FEB}.Debug|Any CPU.Build.0 = Debug|Any CPU
		{AF2DEE84-3033-47C3-B9D3-7D26FD739FEB}.Release|Any CPU.ActiveCfg = Release|Any CPU
		{AF2DEE84-3033-47C3-B9D3-7D26FD739FEB}.Release|Any CPU.Build.0 = Release|Any CPU
	EndGlobalSection
	GlobalSection(SolutionProperties) = preSolution
		HideSolutionNode = FALSE
	EndGlobalSection
EndGlobal
