
Microsoft Visual Studio Solution File, Format Version 12.00
# Visual Studio Version 17
VisualStudioVersion = 17.12.35728.132
MinimumVisualStudioVersion = 10.0.40219.1
Project("{2150E333-8FDC-42A3-9474-1A3956D46DE8}") = "Solution Items", "Solution Items", "{BFFFD4AF-052D-4489-AA14-BD4A14679D61}"
	ProjectSection(SolutionItems) = preProject
		.gitignore = .gitignore
	EndProjectSection
EndProject
Project("{FAE04EC0-301F-11D3-BF4B-00C04F79EFBC}") = "Azure-AI-Search-API", "Azure-AI-Search-API\Azure-AI-Search-API.csproj", "{D227E7BE-0841-4BE6-92B8-DA269F8ED392}"
EndProject
Global
	GlobalSection(SolutionConfigurationPlatforms) = preSolution
		Debug|Any CPU = Debug|Any CPU
		Release|Any CPU = Release|Any CPU
	EndGlobalSection
	GlobalSection(ProjectConfigurationPlatforms) = postSolution
		{D227E7BE-0841-4BE6-92B8-DA269F8ED392}.Debug|Any CPU.ActiveCfg = Debug|Any CPU
		{D227E7BE-0841-4BE6-92B8-DA269F8ED392}.Debug|Any CPU.Build.0 = Debug|Any CPU
		{D227E7BE-0841-4BE6-92B8-DA269F8ED392}.Release|Any CPU.ActiveCfg = Release|Any CPU
		{D227E7BE-0841-4BE6-92B8-DA269F8ED392}.Release|Any CPU.Build.0 = Release|Any CPU
	EndGlobalSection
	GlobalSection(SolutionProperties) = preSolution
		HideSolutionNode = FALSE
	EndGlobalSection
EndGlobal
